
Microsoft Visual Studio Solution File, Format Version 12.00
# Visual Studio 15
VisualStudioVersion = 15.0.26730.10
MinimumVisualStudioVersion = 10.0.40219.1

Project("{D954291E-2A0B-460D-934E-DC6B0785DB48}") = "Forms", "Forms\Forms\Forms.shproj", "{54E254F0-DD96-4559-BAA0-43EFFCA1ED79}"
EndProject


Project("{FAE04EC0-301F-11D3-BF4B-00C04F79EFBC}") = "Forms.iOS", "Forms\Forms.iOS\Forms.iOS.csproj", "{1ADC0DB6-A814-4093-A664-001FF0D6A5FF}"
EndProject


Project("{FAE04EC0-301F-11D3-BF4B-00C04F79EFBC}") = "Forms.Android", "Forms\Forms.Android\Forms.Android.csproj", "{4606B50F-6135-4018-BD68-AA2C1D05701B}"
EndProject


Global
	GlobalSection(SolutionConfigurationPlatforms) = preSolution
		Ad-Hoc|Any CPU = Ad-Hoc|Any CPU
		Ad-Hoc|ARM = Ad-Hoc|ARM
		Ad-Hoc|iPhone = Ad-Hoc|iPhone
		Ad-Hoc|iPhoneSimulator = Ad-Hoc|iPhoneSimulator
		Ad-Hoc|x64 = Ad-Hoc|x64
		Ad-Hoc|x86 = Ad-Hoc|x86
		AppStore|Any CPU = AppStore|Any CPU
		AppStore|ARM = AppStore|ARM
		AppStore|iPhone = AppStore|iPhone
		AppStore|iPhoneSimulator = AppStore|iPhoneSimulator
		AppStore|x64 = AppStore|x64
		AppStore|x86 = AppStore|x86
		Debug|Any CPU = Debug|Any CPU
		Debug|ARM = Debug|ARM
		Debug|iPhone = Debug|iPhone
		Debug|iPhoneSimulator = Debug|iPhoneSimulator
		Debug|x64 = Debug|x64
		Debug|x86 = Debug|x86
		Release|Any CPU = Release|Any CPU
		Release|ARM = Release|ARM
		Release|iPhone = Release|iPhone
		Release|iPhoneSimulator = Release|iPhoneSimulator
		Release|x64 = Release|x64
		Release|x86 = Release|x86
	EndGlobalSection
	GlobalSection(ProjectConfigurationPlatforms) = postSolution
		{DD0D6529-CC95-47AC-9E0D-FB80E03FF033}.Ad-Hoc|Any CPU.ActiveCfg = Debug|Any CPU
		{DD0D6529-CC95-47AC-9E0D-FB80E03FF033}.Ad-Hoc|Any CPU.Build.0 = Debug|Any CPU
		{DD0D6529-CC95-47AC-9E0D-FB80E03FF033}.Ad-Hoc|ARM.ActiveCfg = Debug|Any CPU
		{DD0D6529-CC95-47AC-9E0D-FB80E03FF033}.Ad-Hoc|ARM.Build.0 = Debug|Any CPU
		{DD0D6529-CC95-47AC-9E0D-FB80E03FF033}.Ad-Hoc|iPhone.ActiveCfg = Debug|Any CPU
		{DD0D6529-CC95-47AC-9E0D-FB80E03FF033}.Ad-Hoc|iPhone.Build.0 = Debug|Any CPU
		{DD0D6529-CC95-47AC-9E0D-FB80E03FF033}.Ad-Hoc|iPhoneSimulator.ActiveCfg = Debug|Any CPU
		{DD0D6529-CC95-47AC-9E0D-FB80E03FF033}.Ad-Hoc|iPhoneSimulator.Build.0 = Debug|Any CPU
		{DD0D6529-CC95-47AC-9E0D-FB80E03FF033}.Ad-Hoc|x64.ActiveCfg = Debug|Any CPU
		{DD0D6529-CC95-47AC-9E0D-FB80E03FF033}.Ad-Hoc|x64.Build.0 = Debug|Any CPU
		{DD0D6529-CC95-47AC-9E0D-FB80E03FF033}.Ad-Hoc|x86.ActiveCfg = Debug|Any CPU
		{DD0D6529-CC95-47AC-9E0D-FB80E03FF033}.Ad-Hoc|x86.Build.0 = Debug|Any CPU
		{DD0D6529-CC95-47AC-9E0D-FB80E03FF033}.AppStore|Any CPU.ActiveCfg = Debug|Any CPU
		{DD0D6529-CC95-47AC-9E0D-FB80E03FF033}.AppStore|Any CPU.Build.0 = Debug|Any CPU
		{DD0D6529-CC95-47AC-9E0D-FB80E03FF033}.AppStore|ARM.ActiveCfg = Debug|Any CPU
		{DD0D6529-CC95-47AC-9E0D-FB80E03FF033}.AppStore|ARM.Build.0 = Debug|Any CPU
		{DD0D6529-CC95-47AC-9E0D-FB80E03FF033}.AppStore|iPhone.ActiveCfg = Debug|Any CPU
		{DD0D6529-CC95-47AC-9E0D-FB80E03FF033}.AppStore|iPhone.Build.0 = Debug|Any CPU
		{DD0D6529-CC95-47AC-9E0D-FB80E03FF033}.AppStore|iPhoneSimulator.ActiveCfg = Debug|Any CPU
		{DD0D6529-CC95-47AC-9E0D-FB80E03FF033}.AppStore|iPhoneSimulator.Build.0 = Debug|Any CPU
		{DD0D6529-CC95-47AC-9E0D-FB80E03FF033}.AppStore|x64.ActiveCfg = Debug|Any CPU
		{DD0D6529-CC95-47AC-9E0D-FB80E03FF033}.AppStore|x64.Build.0 = Debug|Any CPU
		{DD0D6529-CC95-47AC-9E0D-FB80E03FF033}.AppStore|x86.ActiveCfg = Debug|Any CPU
		{DD0D6529-CC95-47AC-9E0D-FB80E03FF033}.AppStore|x86.Build.0 = Debug|Any CPU
		{DD0D6529-CC95-47AC-9E0D-FB80E03FF033}.Debug|Any CPU.ActiveCfg = Debug|Any CPU
		{DD0D6529-CC95-47AC-9E0D-FB80E03FF033}.Debug|Any CPU.Build.0 = Debug|Any CPU
		{DD0D6529-CC95-47AC-9E0D-FB80E03FF033}.Debug|ARM.ActiveCfg = Debug|Any CPU
		{DD0D6529-CC95-47AC-9E0D-FB80E03FF033}.Debug|ARM.Build.0 = Debug|Any CPU
		{DD0D6529-CC95-47AC-9E0D-FB80E03FF033}.Debug|iPhone.ActiveCfg = Debug|Any CPU
		{DD0D6529-CC95-47AC-9E0D-FB80E03FF033}.Debug|iPhone.Build.0 = Debug|Any CPU
		{DD0D6529-CC95-47AC-9E0D-FB80E03FF033}.Debug|iPhoneSimulator.ActiveCfg = Debug|Any CPU
		{DD0D6529-CC95-47AC-9E0D-FB80E03FF033}.Debug|iPhoneSimulator.Build.0 = Debug|Any CPU
		{DD0D6529-CC95-47AC-9E0D-FB80E03FF033}.Debug|x64.ActiveCfg = Debug|Any CPU
		{DD0D6529-CC95-47AC-9E0D-FB80E03FF033}.Debug|x64.Build.0 = Debug|Any CPU
		{DD0D6529-CC95-47AC-9E0D-FB80E03FF033}.Debug|x86.ActiveCfg = Debug|Any CPU
		{DD0D6529-CC95-47AC-9E0D-FB80E03FF033}.Debug|x86.Build.0 = Debug|Any CPU
		{DD0D6529-CC95-47AC-9E0D-FB80E03FF033}.Release|Any CPU.ActiveCfg = Release|Any CPU
		{DD0D6529-CC95-47AC-9E0D-FB80E03FF033}.Release|Any CPU.Build.0 = Release|Any CPU
		{DD0D6529-CC95-47AC-9E0D-FB80E03FF033}.Release|ARM.ActiveCfg = Release|Any CPU
		{DD0D6529-CC95-47AC-9E0D-FB80E03FF033}.Release|ARM.Build.0 = Release|Any CPU
		{DD0D6529-CC95-47AC-9E0D-FB80E03FF033}.Release|iPhone.ActiveCfg = Release|Any CPU
		{DD0D6529-CC95-47AC-9E0D-FB80E03FF033}.Release|iPhone.Build.0 = Release|Any CPU
		{DD0D6529-CC95-47AC-9E0D-FB80E03FF033}.Release|iPhoneSimulator.ActiveCfg = Release|Any CPU
		{DD0D6529-CC95-47AC-9E0D-FB80E03FF033}.Release|iPhoneSimulator.Build.0 = Release|Any CPU
		{DD0D6529-CC95-47AC-9E0D-FB80E03FF033}.Release|x64.ActiveCfg = Release|Any CPU
		{DD0D6529-CC95-47AC-9E0D-FB80E03FF033}.Release|x64.Build.0 = Release|Any CPU
		{DD0D6529-CC95-47AC-9E0D-FB80E03FF033}.Release|x86.ActiveCfg = Release|Any CPU
		{DD0D6529-CC95-47AC-9E0D-FB80E03FF033}.Release|x86.Build.0 = Release|Any CPU
		{1ADC0DB6-A814-4093-A664-001FF0D6A5FF}.Ad-Hoc|Any CPU.ActiveCfg = Ad-Hoc|iPhone
		{1ADC0DB6-A814-4093-A664-001FF0D6A5FF}.Ad-Hoc|ARM.ActiveCfg = Ad-Hoc|iPhone
		{1ADC0DB6-A814-4093-A664-001FF0D6A5FF}.Ad-Hoc|iPhone.ActiveCfg = Ad-Hoc|iPhone
		{1ADC0DB6-A814-4093-A664-001FF0D6A5FF}.Ad-Hoc|iPhone.Build.0 = Ad-Hoc|iPhone
		{1ADC0DB6-A814-4093-A664-001FF0D6A5FF}.Ad-Hoc|iPhoneSimulator.ActiveCfg = Ad-Hoc|iPhoneSimulator
		{1ADC0DB6-A814-4093-A664-001FF0D6A5FF}.Ad-Hoc|iPhoneSimulator.Build.0 = Ad-Hoc|iPhoneSimulator
		{1ADC0DB6-A814-4093-A664-001FF0D6A5FF}.Ad-Hoc|x64.ActiveCfg = Ad-Hoc|iPhone
		{1ADC0DB6-A814-4093-A664-001FF0D6A5FF}.Ad-Hoc|x86.ActiveCfg = Ad-Hoc|iPhone
		{1ADC0DB6-A814-4093-A664-001FF0D6A5FF}.AppStore|Any CPU.ActiveCfg = AppStore|iPhone
		{1ADC0DB6-A814-4093-A664-001FF0D6A5FF}.AppStore|ARM.ActiveCfg = AppStore|iPhone
		{1ADC0DB6-A814-4093-A664-001FF0D6A5FF}.AppStore|iPhone.ActiveCfg = AppStore|iPhone
		{1ADC0DB6-A814-4093-A664-001FF0D6A5FF}.AppStore|iPhone.Build.0 = AppStore|iPhone
		{1ADC0DB6-A814-4093-A664-001FF0D6A5FF}.AppStore|iPhoneSimulator.ActiveCfg = AppStore|iPhoneSimulator
		{1ADC0DB6-A814-4093-A664-001FF0D6A5FF}.AppStore|iPhoneSimulator.Build.0 = AppStore|iPhoneSimulator
		{1ADC0DB6-A814-4093-A664-001FF0D6A5FF}.AppStore|x64.ActiveCfg = AppStore|iPhone
		{1ADC0DB6-A814-4093-A664-001FF0D6A5FF}.AppStore|x86.ActiveCfg = AppStore|iPhone
		{1ADC0DB6-A814-4093-A664-001FF0D6A5FF}.Debug|Any CPU.ActiveCfg = Debug|iPhone
		{1ADC0DB6-A814-4093-A664-001FF0D6A5FF}.Debug|ARM.ActiveCfg = Debug|iPhone
		{1ADC0DB6-A814-4093-A664-001FF0D6A5FF}.Debug|iPhone.ActiveCfg = Debug|iPhone
		{1ADC0DB6-A814-4093-A664-001FF0D6A5FF}.Debug|iPhone.Build.0 = Debug|iPhone
		{1ADC0DB6-A814-4093-A664-001FF0D6A5FF}.Debug|iPhoneSimulator.ActiveCfg = Debug|iPhoneSimulator
		{1ADC0DB6-A814-4093-A664-001FF0D6A5FF}.Debug|iPhoneSimulator.Build.0 = Debug|iPhoneSimulator
		{1ADC0DB6-A814-4093-A664-001FF0D6A5FF}.Debug|x64.ActiveCfg = Debug|iPhone
		{1ADC0DB6-A814-4093-A664-001FF0D6A5FF}.Debug|x86.ActiveCfg = Debug|iPhone
		{1ADC0DB6-A814-4093-A664-001FF0D6A5FF}.Release|Any CPU.ActiveCfg = Release|iPhone
		{1ADC0DB6-A814-4093-A664-001FF0D6A5FF}.Release|ARM.ActiveCfg = Release|iPhone
		{1ADC0DB6-A814-4093-A664-001FF0D6A5FF}.Release|iPhone.ActiveCfg = Release|iPhone
		{1ADC0DB6-A814-4093-A664-001FF0D6A5FF}.Release|iPhone.Build.0 = Release|iPhone
		{1ADC0DB6-A814-4093-A664-001FF0D6A5FF}.Release|iPhoneSimulator.ActiveCfg = Release|iPhoneSimulator
		{1ADC0DB6-A814-4093-A664-001FF0D6A5FF}.Release|iPhoneSimulator.Build.0 = Release|iPhoneSimulator
		{1ADC0DB6-A814-4093-A664-001FF0D6A5FF}.Release|x64.ActiveCfg = Release|iPhone
		{1ADC0DB6-A814-4093-A664-001FF0D6A5FF}.Release|x86.ActiveCfg = Release|iPhone
		{46EE1B6C-505D-4E75-8E6F-21D247D44363}.Ad-Hoc|Any CPU.ActiveCfg = Release|x86
		{46EE1B6C-505D-4E75-8E6F-21D247D44363}.Ad-Hoc|Any CPU.Build.0 = Release|x86
		{46EE1B6C-505D-4E75-8E6F-21D247D44363}.Ad-Hoc|Any CPU.Deploy.0 = Release|x86
		{46EE1B6C-505D-4E75-8E6F-21D247D44363}.Ad-Hoc|ARM.ActiveCfg = Release|ARM
		{46EE1B6C-505D-4E75-8E6F-21D247D44363}.Ad-Hoc|ARM.Build.0 = Release|ARM
		{46EE1B6C-505D-4E75-8E6F-21D247D44363}.Ad-Hoc|ARM.Deploy.0 = Release|ARM
		{46EE1B6C-505D-4E75-8E6F-21D247D44363}.Ad-Hoc|iPhone.ActiveCfg = Release|x86
		{46EE1B6C-505D-4E75-8E6F-21D247D44363}.Ad-Hoc|iPhone.Build.0 = Release|x86
		{46EE1B6C-505D-4E75-8E6F-21D247D44363}.Ad-Hoc|iPhone.Deploy.0 = Release|x86
		{46EE1B6C-505D-4E75-8E6F-21D247D44363}.Ad-Hoc|iPhoneSimulator.ActiveCfg = Release|x86
		{46EE1B6C-505D-4E75-8E6F-21D247D44363}.Ad-Hoc|iPhoneSimulator.Build.0 = Release|x86
		{46EE1B6C-505D-4E75-8E6F-21D247D44363}.Ad-Hoc|iPhoneSimulator.Deploy.0 = Release|x86
		{46EE1B6C-505D-4E75-8E6F-21D247D44363}.Ad-Hoc|x64.ActiveCfg = Release|x64
		{46EE1B6C-505D-4E75-8E6F-21D247D44363}.Ad-Hoc|x64.Build.0 = Release|x64
		{46EE1B6C-505D-4E75-8E6F-21D247D44363}.Ad-Hoc|x64.Deploy.0 = Release|x64
		{46EE1B6C-505D-4E75-8E6F-21D247D44363}.Ad-Hoc|x86.ActiveCfg = Release|x86
		{46EE1B6C-505D-4E75-8E6F-21D247D44363}.Ad-Hoc|x86.Build.0 = Release|x86
		{46EE1B6C-505D-4E75-8E6F-21D247D44363}.Ad-Hoc|x86.Deploy.0 = Release|x86
		{46EE1B6C-505D-4E75-8E6F-21D247D44363}.AppStore|Any CPU.ActiveCfg = Release|x86
		{46EE1B6C-505D-4E75-8E6F-21D247D44363}.AppStore|Any CPU.Build.0 = Release|x86
		{46EE1B6C-505D-4E75-8E6F-21D247D44363}.AppStore|Any CPU.Deploy.0 = Release|x86
		{46EE1B6C-505D-4E75-8E6F-21D247D44363}.AppStore|ARM.ActiveCfg = Release|ARM
		{46EE1B6C-505D-4E75-8E6F-21D247D44363}.AppStore|ARM.Build.0 = Release|ARM
		{46EE1B6C-505D-4E75-8E6F-21D247D44363}.AppStore|ARM.Deploy.0 = Release|ARM
		{46EE1B6C-505D-4E75-8E6F-21D247D44363}.AppStore|iPhone.ActiveCfg = Release|x86
		{46EE1B6C-505D-4E75-8E6F-21D247D44363}.AppStore|iPhone.Build.0 = Release|x86
		{46EE1B6C-505D-4E75-8E6F-21D247D44363}.AppStore|iPhone.Deploy.0 = Release|x86
		{46EE1B6C-505D-4E75-8E6F-21D247D44363}.AppStore|iPhoneSimulator.ActiveCfg = Release|x86
		{46EE1B6C-505D-4E75-8E6F-21D247D44363}.AppStore|iPhoneSimulator.Build.0 = Release|x86
		{46EE1B6C-505D-4E75-8E6F-21D247D44363}.AppStore|iPhoneSimulator.Deploy.0 = Release|x86
		{46EE1B6C-505D-4E75-8E6F-21D247D44363}.AppStore|x64.ActiveCfg = Release|x64
		{46EE1B6C-505D-4E75-8E6F-21D247D44363}.AppStore|x64.Build.0 = Release|x64
		{46EE1B6C-505D-4E75-8E6F-21D247D44363}.AppStore|x64.Deploy.0 = Release|x64
		{46EE1B6C-505D-4E75-8E6F-21D247D44363}.AppStore|x86.ActiveCfg = Release|x86
		{46EE1B6C-505D-4E75-8E6F-21D247D44363}.AppStore|x86.Build.0 = Release|x86
		{46EE1B6C-505D-4E75-8E6F-21D247D44363}.AppStore|x86.Deploy.0 = Release|x86
		{46EE1B6C-505D-4E75-8E6F-21D247D44363}.Debug|Any CPU.ActiveCfg = Debug|x86
		{46EE1B6C-505D-4E75-8E6F-21D247D44363}.Debug|ARM.ActiveCfg = Debug|ARM
		{46EE1B6C-505D-4E75-8E6F-21D247D44363}.Debug|ARM.Build.0 = Debug|ARM
		{46EE1B6C-505D-4E75-8E6F-21D247D44363}.Debug|ARM.Deploy.0 = Debug|ARM
		{46EE1B6C-505D-4E75-8E6F-21D247D44363}.Debug|iPhone.ActiveCfg = Debug|x86
		{46EE1B6C-505D-4E75-8E6F-21D247D44363}.Debug|iPhoneSimulator.ActiveCfg = Debug|x86
		{46EE1B6C-505D-4E75-8E6F-21D247D44363}.Debug|x64.ActiveCfg = Debug|x64
		{46EE1B6C-505D-4E75-8E6F-21D247D44363}.Debug|x64.Build.0 = Debug|x64
		{46EE1B6C-505D-4E75-8E6F-21D247D44363}.Debug|x64.Deploy.0 = Debug|x64
		{46EE1B6C-505D-4E75-8E6F-21D247D44363}.Debug|x86.ActiveCfg = Debug|x86
		{46EE1B6C-505D-4E75-8E6F-21D247D44363}.Debug|x86.Build.0 = Debug|x86
		{46EE1B6C-505D-4E75-8E6F-21D247D44363}.Debug|x86.Deploy.0 = Debug|x86
		{46EE1B6C-505D-4E75-8E6F-21D247D44363}.Release|Any CPU.ActiveCfg = Release|x86
		{46EE1B6C-505D-4E75-8E6F-21D247D44363}.Release|ARM.ActiveCfg = Release|ARM
		{46EE1B6C-505D-4E75-8E6F-21D247D44363}.Release|ARM.Build.0 = Release|ARM
		{46EE1B6C-505D-4E75-8E6F-21D247D44363}.Release|ARM.Deploy.0 = Release|ARM
		{46EE1B6C-505D-4E75-8E6F-21D247D44363}.Release|iPhone.ActiveCfg = Release|x86
		{46EE1B6C-505D-4E75-8E6F-21D247D44363}.Release|iPhoneSimulator.ActiveCfg = Release|x86
		{46EE1B6C-505D-4E75-8E6F-21D247D44363}.Release|x64.ActiveCfg = Release|x64
		{46EE1B6C-505D-4E75-8E6F-21D247D44363}.Release|x64.Build.0 = Release|x64
		{46EE1B6C-505D-4E75-8E6F-21D247D44363}.Release|x64.Deploy.0 = Release|x64
		{46EE1B6C-505D-4E75-8E6F-21D247D44363}.Release|x86.ActiveCfg = Release|x86
		{46EE1B6C-505D-4E75-8E6F-21D247D44363}.Release|x86.Build.0 = Release|x86
		{46EE1B6C-505D-4E75-8E6F-21D247D44363}.Release|x86.Deploy.0 = Release|x86
		{20FDA6ED-B68E-4610-807B-F358668F181E}.Ad-Hoc|Any CPU.ActiveCfg = Release|Any CPU
		{20FDA6ED-B68E-4610-807B-F358668F181E}.Ad-Hoc|Any CPU.Build.0 = Release|Any CPU
		{20FDA6ED-B68E-4610-807B-F358668F181E}.Ad-Hoc|Any CPU.Deploy.0 = Release|Any CPU
		{20FDA6ED-B68E-4610-807B-F358668F181E}.Ad-Hoc|ARM.ActiveCfg = Release|Any CPU
		{20FDA6ED-B68E-4610-807B-F358668F181E}.Ad-Hoc|ARM.Build.0 = Release|Any CPU
		{20FDA6ED-B68E-4610-807B-F358668F181E}.Ad-Hoc|ARM.Deploy.0 = Release|Any CPU
		{20FDA6ED-B68E-4610-807B-F358668F181E}.Ad-Hoc|iPhone.ActiveCfg = Release|Any CPU
		{20FDA6ED-B68E-4610-807B-F358668F181E}.Ad-Hoc|iPhone.Build.0 = Release|Any CPU
		{20FDA6ED-B68E-4610-807B-F358668F181E}.Ad-Hoc|iPhone.Deploy.0 = Release|Any CPU
		{20FDA6ED-B68E-4610-807B-F358668F181E}.Ad-Hoc|iPhoneSimulator.ActiveCfg = Release|Any CPU
		{20FDA6ED-B68E-4610-807B-F358668F181E}.Ad-Hoc|iPhoneSimulator.Build.0 = Release|Any CPU
		{20FDA6ED-B68E-4610-807B-F358668F181E}.Ad-Hoc|iPhoneSimulator.Deploy.0 = Release|Any CPU
		{20FDA6ED-B68E-4610-807B-F358668F181E}.Ad-Hoc|x64.ActiveCfg = Release|Any CPU
		{20FDA6ED-B68E-4610-807B-F358668F181E}.Ad-Hoc|x64.Build.0 = Release|Any CPU
		{20FDA6ED-B68E-4610-807B-F358668F181E}.Ad-Hoc|x64.Deploy.0 = Release|Any CPU
		{20FDA6ED-B68E-4610-807B-F358668F181E}.Ad-Hoc|x86.ActiveCfg = Release|Any CPU
		{20FDA6ED-B68E-4610-807B-F358668F181E}.Ad-Hoc|x86.Build.0 = Release|Any CPU
		{20FDA6ED-B68E-4610-807B-F358668F181E}.Ad-Hoc|x86.Deploy.0 = Release|Any CPU
		{20FDA6ED-B68E-4610-807B-F358668F181E}.AppStore|Any CPU.ActiveCfg = Release|Any CPU
		{20FDA6ED-B68E-4610-807B-F358668F181E}.AppStore|Any CPU.Build.0 = Release|Any CPU
		{20FDA6ED-B68E-4610-807B-F358668F181E}.AppStore|Any CPU.Deploy.0 = Release|Any CPU
		{20FDA6ED-B68E-4610-807B-F358668F181E}.AppStore|ARM.ActiveCfg = Release|Any CPU
		{20FDA6ED-B68E-4610-807B-F358668F181E}.AppStore|ARM.Build.0 = Release|Any CPU
		{20FDA6ED-B68E-4610-807B-F358668F181E}.AppStore|ARM.Deploy.0 = Release|Any CPU
		{20FDA6ED-B68E-4610-807B-F358668F181E}.AppStore|iPhone.ActiveCfg = Release|Any CPU
		{20FDA6ED-B68E-4610-807B-F358668F181E}.AppStore|iPhone.Build.0 = Release|Any CPU
		{20FDA6ED-B68E-4610-807B-F358668F181E}.AppStore|iPhone.Deploy.0 = Release|Any CPU
		{20FDA6ED-B68E-4610-807B-F358668F181E}.AppStore|iPhoneSimulator.ActiveCfg = Release|Any CPU
		{20FDA6ED-B68E-4610-807B-F358668F181E}.AppStore|iPhoneSimulator.Build.0 = Release|Any CPU
		{20FDA6ED-B68E-4610-807B-F358668F181E}.AppStore|iPhoneSimulator.Deploy.0 = Release|Any CPU
		{20FDA6ED-B68E-4610-807B-F358668F181E}.AppStore|x64.ActiveCfg = Release|Any CPU
		{20FDA6ED-B68E-4610-807B-F358668F181E}.AppStore|x64.Build.0 = Release|Any CPU
		{20FDA6ED-B68E-4610-807B-F358668F181E}.AppStore|x64.Deploy.0 = Release|Any CPU
		{20FDA6ED-B68E-4610-807B-F358668F181E}.AppStore|x86.ActiveCfg = Release|Any CPU
		{20FDA6ED-B68E-4610-807B-F358668F181E}.AppStore|x86.Build.0 = Release|Any CPU
		{20FDA6ED-B68E-4610-807B-F358668F181E}.AppStore|x86.Deploy.0 = Release|Any CPU
		{20FDA6ED-B68E-4610-807B-F358668F181E}.Debug|Any CPU.ActiveCfg = Debug|Any CPU
		{20FDA6ED-B68E-4610-807B-F358668F181E}.Debug|Any CPU.Build.0 = Debug|Any CPU
		{20FDA6ED-B68E-4610-807B-F358668F181E}.Debug|Any CPU.Deploy.0 = Debug|Any CPU
		{20FDA6ED-B68E-4610-807B-F358668F181E}.Debug|ARM.ActiveCfg = Debug|Any CPU
		{20FDA6ED-B68E-4610-807B-F358668F181E}.Debug|ARM.Build.0 = Debug|Any CPU
		{20FDA6ED-B68E-4610-807B-F358668F181E}.Debug|ARM.Deploy.0 = Debug|Any CPU
		{20FDA6ED-B68E-4610-807B-F358668F181E}.Debug|iPhone.ActiveCfg = Debug|Any CPU
		{20FDA6ED-B68E-4610-807B-F358668F181E}.Debug|iPhone.Build.0 = Debug|Any CPU
		{20FDA6ED-B68E-4610-807B-F358668F181E}.Debug|iPhone.Deploy.0 = Debug|Any CPU
		{20FDA6ED-B68E-4610-807B-F358668F181E}.Debug|iPhoneSimulator.ActiveCfg = Debug|Any CPU
		{20FDA6ED-B68E-4610-807B-F358668F181E}.Debug|iPhoneSimulator.Build.0 = Debug|Any CPU
		{20FDA6ED-B68E-4610-807B-F358668F181E}.Debug|iPhoneSimulator.Deploy.0 = Debug|Any CPU
		{20FDA6ED-B68E-4610-807B-F358668F181E}.Debug|x64.ActiveCfg = Debug|Any CPU
		{20FDA6ED-B68E-4610-807B-F358668F181E}.Debug|x64.Build.0 = Debug|Any CPU
		{20FDA6ED-B68E-4610-807B-F358668F181E}.Debug|x64.Deploy.0 = Debug|Any CPU
		{20FDA6ED-B68E-4610-807B-F358668F181E}.Debug|x86.ActiveCfg = Debug|Any CPU
		{20FDA6ED-B68E-4610-807B-F358668F181E}.Debug|x86.Build.0 = Debug|Any CPU
		{20FDA6ED-B68E-4610-807B-F358668F181E}.Debug|x86.Deploy.0 = Debug|Any CPU
		{20FDA6ED-B68E-4610-807B-F358668F181E}.Release|Any CPU.ActiveCfg = Release|Any CPU
		{20FDA6ED-B68E-4610-807B-F358668F181E}.Release|Any CPU.Build.0 = Release|Any CPU
		{20FDA6ED-B68E-4610-807B-F358668F181E}.Release|Any CPU.Deploy.0 = Release|Any CPU
		{20FDA6ED-B68E-4610-807B-F358668F181E}.Release|ARM.ActiveCfg = Release|Any CPU
		{20FDA6ED-B68E-4610-807B-F358668F181E}.Release|ARM.Build.0 = Release|Any CPU
		{20FDA6ED-B68E-4610-807B-F358668F181E}.Release|ARM.Deploy.0 = Release|Any CPU
		{20FDA6ED-B68E-4610-807B-F358668F181E}.Release|iPhone.ActiveCfg = Release|Any CPU
		{20FDA6ED-B68E-4610-807B-F358668F181E}.Release|iPhone.Build.0 = Release|Any CPU
		{20FDA6ED-B68E-4610-807B-F358668F181E}.Release|iPhone.Deploy.0 = Release|Any CPU
		{20FDA6ED-B68E-4610-807B-F358668F181E}.Release|iPhoneSimulator.ActiveCfg = Release|Any CPU
		{20FDA6ED-B68E-4610-807B-F358668F181E}.Release|iPhoneSimulator.Build.0 = Release|Any CPU
		{20FDA6ED-B68E-4610-807B-F358668F181E}.Release|iPhoneSimulator.Deploy.0 = Release|Any CPU
		{20FDA6ED-B68E-4610-807B-F358668F181E}.Release|x64.ActiveCfg = Release|Any CPU
		{20FDA6ED-B68E-4610-807B-F358668F181E}.Release|x64.Build.0 = Release|Any CPU
		{20FDA6ED-B68E-4610-807B-F358668F181E}.Release|x64.Deploy.0 = Release|Any CPU
		{20FDA6ED-B68E-4610-807B-F358668F181E}.Release|x86.ActiveCfg = Release|Any CPU
		{20FDA6ED-B68E-4610-807B-F358668F181E}.Release|x86.Build.0 = Release|Any CPU
		{20FDA6ED-B68E-4610-807B-F358668F181E}.Release|x86.Deploy.0 = Release|Any CPU
		{B445DF73-AC9E-4276-9FBA-7CB5AD5D2518}.Ad-Hoc|Any CPU.ActiveCfg = Release|Any CPU
		{B445DF73-AC9E-4276-9FBA-7CB5AD5D2518}.Ad-Hoc|Any CPU.Build.0 = Release|Any CPU
		{B445DF73-AC9E-4276-9FBA-7CB5AD5D2518}.Ad-Hoc|ARM.ActiveCfg = Release|Any CPU
		{B445DF73-AC9E-4276-9FBA-7CB5AD5D2518}.Ad-Hoc|ARM.Build.0 = Release|Any CPU
		{B445DF73-AC9E-4276-9FBA-7CB5AD5D2518}.Ad-Hoc|iPhone.ActiveCfg = Release|Any CPU
		{B445DF73-AC9E-4276-9FBA-7CB5AD5D2518}.Ad-Hoc|iPhone.Build.0 = Release|Any CPU
		{B445DF73-AC9E-4276-9FBA-7CB5AD5D2518}.Ad-Hoc|iPhoneSimulator.ActiveCfg = Release|Any CPU
		{B445DF73-AC9E-4276-9FBA-7CB5AD5D2518}.Ad-Hoc|iPhoneSimulator.Build.0 = Release|Any CPU
		{B445DF73-AC9E-4276-9FBA-7CB5AD5D2518}.Ad-Hoc|x64.ActiveCfg = Release|Any CPU
		{B445DF73-AC9E-4276-9FBA-7CB5AD5D2518}.Ad-Hoc|x64.Build.0 = Release|Any CPU
		{B445DF73-AC9E-4276-9FBA-7CB5AD5D2518}.Ad-Hoc|x86.ActiveCfg = Release|Any CPU
		{B445DF73-AC9E-4276-9FBA-7CB5AD5D2518}.Ad-Hoc|x86.Build.0 = Release|Any CPU
		{B445DF73-AC9E-4276-9FBA-7CB5AD5D2518}.AppStore|Any CPU.ActiveCfg = Release|Any CPU
		{B445DF73-AC9E-4276-9FBA-7CB5AD5D2518}.AppStore|Any CPU.Build.0 = Release|Any CPU
		{B445DF73-AC9E-4276-9FBA-7CB5AD5D2518}.AppStore|ARM.ActiveCfg = Release|Any CPU
		{B445DF73-AC9E-4276-9FBA-7CB5AD5D2518}.AppStore|ARM.Build.0 = Release|Any CPU
		{B445DF73-AC9E-4276-9FBA-7CB5AD5D2518}.AppStore|iPhone.ActiveCfg = Release|Any CPU
		{B445DF73-AC9E-4276-9FBA-7CB5AD5D2518}.AppStore|iPhone.Build.0 = Release|Any CPU
		{B445DF73-AC9E-4276-9FBA-7CB5AD5D2518}.AppStore|iPhoneSimulator.ActiveCfg = Release|Any CPU
		{B445DF73-AC9E-4276-9FBA-7CB5AD5D2518}.AppStore|iPhoneSimulator.Build.0 = Release|Any CPU
		{B445DF73-AC9E-4276-9FBA-7CB5AD5D2518}.AppStore|x64.ActiveCfg = Release|Any CPU
		{B445DF73-AC9E-4276-9FBA-7CB5AD5D2518}.AppStore|x64.Build.0 = Release|Any CPU
		{B445DF73-AC9E-4276-9FBA-7CB5AD5D2518}.AppStore|x86.ActiveCfg = Release|Any CPU
		{B445DF73-AC9E-4276-9FBA-7CB5AD5D2518}.AppStore|x86.Build.0 = Release|Any CPU
		{B445DF73-AC9E-4276-9FBA-7CB5AD5D2518}.Debug|Any CPU.ActiveCfg = Debug|Any CPU
		{B445DF73-AC9E-4276-9FBA-7CB5AD5D2518}.Debug|Any CPU.Build.0 = Debug|Any CPU
		{B445DF73-AC9E-4276-9FBA-7CB5AD5D2518}.Debug|ARM.ActiveCfg = Debug|Any CPU
		{B445DF73-AC9E-4276-9FBA-7CB5AD5D2518}.Debug|ARM.Build.0 = Debug|Any CPU
		{B445DF73-AC9E-4276-9FBA-7CB5AD5D2518}.Debug|iPhone.ActiveCfg = Debug|Any CPU
		{B445DF73-AC9E-4276-9FBA-7CB5AD5D2518}.Debug|iPhone.Build.0 = Debug|Any CPU
		{B445DF73-AC9E-4276-9FBA-7CB5AD5D2518}.Debug|iPhoneSimulator.ActiveCfg = Debug|Any CPU
		{B445DF73-AC9E-4276-9FBA-7CB5AD5D2518}.Debug|iPhoneSimulator.Build.0 = Debug|Any CPU
		{B445DF73-AC9E-4276-9FBA-7CB5AD5D2518}.Debug|x64.ActiveCfg = Debug|Any CPU
		{B445DF73-AC9E-4276-9FBA-7CB5AD5D2518}.Debug|x64.Build.0 = Debug|Any CPU
		{B445DF73-AC9E-4276-9FBA-7CB5AD5D2518}.Debug|x86.ActiveCfg = Debug|Any CPU
		{B445DF73-AC9E-4276-9FBA-7CB5AD5D2518}.Debug|x86.Build.0 = Debug|Any CPU
		{B445DF73-AC9E-4276-9FBA-7CB5AD5D2518}.Release|Any CPU.ActiveCfg = Release|Any CPU
		{B445DF73-AC9E-4276-9FBA-7CB5AD5D2518}.Release|Any CPU.Build.0 = Release|Any CPU
		{B445DF73-AC9E-4276-9FBA-7CB5AD5D2518}.Release|ARM.ActiveCfg = Release|Any CPU
		{B445DF73-AC9E-4276-9FBA-7CB5AD5D2518}.Release|ARM.Build.0 = Release|Any CPU
		{B445DF73-AC9E-4276-9FBA-7CB5AD5D2518}.Release|iPhone.ActiveCfg = Release|Any CPU
		{B445DF73-AC9E-4276-9FBA-7CB5AD5D2518}.Release|iPhone.Build.0 = Release|Any CPU
		{B445DF73-AC9E-4276-9FBA-7CB5AD5D2518}.Release|iPhoneSimulator.ActiveCfg = Release|Any CPU
		{B445DF73-AC9E-4276-9FBA-7CB5AD5D2518}.Release|iPhoneSimulator.Build.0 = Release|Any CPU
		{B445DF73-AC9E-4276-9FBA-7CB5AD5D2518}.Release|x64.ActiveCfg = Release|Any CPU
		{B445DF73-AC9E-4276-9FBA-7CB5AD5D2518}.Release|x64.Build.0 = Release|Any CPU
		{B445DF73-AC9E-4276-9FBA-7CB5AD5D2518}.Release|x86.ActiveCfg = Release|Any CPU
		{B445DF73-AC9E-4276-9FBA-7CB5AD5D2518}.Release|x86.Build.0 = Release|Any CPU
	EndGlobalSection
	GlobalSection(SolutionProperties) = preSolution
		HideSolutionNode = FALSE
	EndGlobalSection
	GlobalSection(ExtensibilityGlobals) = postSolution
		SolutionGuid = {F6D05029-56B8-4E45-AF2D-0E76295DDBA2}
	EndGlobalSection
EndGlobal
